// !$*UTF8*$!
{
	archiveVersion = 1;
	classes = {
	};
	objectVersion = 48;
	objects = {

/* Begin PBXBuildFile section */
		2AD3B8C820084B98000663CA /* AppDelegate.swift in Sources */ = {isa = PBXBuildFile; fileRef = 2AD3B8C720084B98000663CA /* AppDelegate.swift */; };
		2AD3B8CA20084B98000663CA /* ViewController.swift in Sources */ = {isa = PBXBuildFile; fileRef = 2AD3B8C920084B98000663CA /* ViewController.swift */; };
		2AD3B8CD20084B98000663CA /* Main.storyboard in Resources */ = {isa = PBXBuildFile; fileRef = 2AD3B8CB20084B98000663CA /* Main.storyboard */; };
		2AD3B8CF20084B98000663CA /* Assets.xcassets in Resources */ = {isa = PBXBuildFile; fileRef = 2AD3B8CE20084B98000663CA /* Assets.xcassets */; };
		2AD3B8D220084B98000663CA /* LaunchScreen.storyboard in Resources */ = {isa = PBXBuildFile; fileRef = 2AD3B8D020084B98000663CA /* LaunchScreen.storyboard */; };
		2AD3B8DD20084B99000663CA /* TipCalcTests.swift in Sources */ = {isa = PBXBuildFile; fileRef = 2AD3B8DC20084B99000663CA /* TipCalcTests.swift */; };
		2AD3B8E820084B99000663CA /* TipCalcUITests.swift in Sources */ = {isa = PBXBuildFile; fileRef = 2AD3B8E720084B99000663CA /* TipCalcUITests.swift */; };
/* End PBXBuildFile section */

/* Begin PBXContainerItemProxy section */
		2AD3B8D920084B99000663CA /* PBXContainerItemProxy */ = {
			isa = PBXContainerItemProxy;
			containerPortal = 2AD3B8BC20084B98000663CA /* Project object */;
			proxyType = 1;
			remoteGlobalIDString = 2AD3B8C320084B98000663CA;
			remoteInfo = TipCalc;
		};
		2AD3B8E420084B99000663CA /* PBXContainerItemProxy */ = {
			isa = PBXContainerItemProxy;
			containerPortal = 2AD3B8BC20084B98000663CA /* Project object */;
			proxyType = 1;
			remoteGlobalIDString = 2AD3B8C320084B98000663CA;
			remoteInfo = TipCalc;
		};
/* End PBXContainerItemProxy section */

/* Begin PBXFileReference section */
		2AD3B8C420084B98000663CA /* TipCalc.app */ = {isa = PBXFileReference; explicitFileType = wrapper.application; includeInIndex = 0; path = TipCalc.app; sourceTree = BUILT_PRODUCTS_DIR; };
		2AD3B8C720084B98000663CA /* AppDelegate.swift */ = {isa = PBXFileReference; lastKnownFileType = sourcecode.swift; path = AppDelegate.swift; sourceTree = "<group>"; };
		2AD3B8C920084B98000663CA /* ViewController.swift */ = {isa = PBXFileReference; lastKnownFileType = sourcecode.swift; path = ViewController.swift; sourceTree = "<group>"; };
		2AD3B8CC20084B98000663CA /* Base */ = {isa = PBXFileReference; lastKnownFileType = file.storyboard; name = Base; path = Base.lproj/Main.storyboard; sourceTree = "<group>"; };
		2AD3B8CE20084B98000663CA /* Assets.xcassets */ = {isa = PBXFileReference; lastKnownFileType = folder.assetcatalog; path = Assets.xcassets; sourceTree = "<group>"; };
		2AD3B8D120084B98000663CA /* Base */ = {isa = PBXFileReference; lastKnownFileType = file.storyboard; name = Base; path = Base.lproj/LaunchScreen.storyboard; sourceTree = "<group>"; };
		2AD3B8D320084B98000663CA /* Info.plist */ = {isa = PBXFileReference; lastKnownFileType = text.plist.xml; path = Info.plist; sourceTree = "<group>"; };
		2AD3B8D820084B99000663CA /* TipCalcTests.xctest */ = {isa = PBXFileReference; explicitFileType = wrapper.cfbundle; includeInIndex = 0; path = TipCalcTests.xctest; sourceTree = BUILT_PRODUCTS_DIR; };
		2AD3B8DC20084B99000663CA /* TipCalcTests.swift */ = {isa = PBXFileReference; lastKnownFileType = sourcecode.swift; path = TipCalcTests.swift; sourceTree = "<group>"; };
		2AD3B8DE20084B99000663CA /* Info.plist */ = {isa = PBXFileReference; lastKnownFileType = text.plist.xml; path = Info.plist; sourceTree = "<group>"; };
		2AD3B8E320084B99000663CA /* TipCalcUITests.xctest */ = {isa = PBXFileReference; explicitFileType = wrapper.cfbundle; includeInIndex = 0; path = TipCalcUITests.xctest; sourceTree = BUILT_PRODUCTS_DIR; };
		2AD3B8E720084B99000663CA /* TipCalcUITests.swift */ = {isa = PBXFileReference; lastKnownFileType = sourcecode.swift; path = TipCalcUITests.swift; sourceTree = "<group>"; };
		2AD3B8E920084B99000663CA /* Info.plist */ = {isa = PBXFileReference; lastKnownFileType = text.plist.xml; path = Info.plist; sourceTree = "<group>"; };
/* End PBXFileReference section */

/* Begin PBXFrameworksBuildPhase section */
		2AD3B8C120084B98000663CA /* Frameworks */ = {
			isa = PBXFrameworksBuildPhase;
			buildActionMask = 2147483647;
			files = (
			);
			runOnlyForDeploymentPostprocessing = 0;
		};
		2AD3B8D520084B99000663CA /* Frameworks */ = {
			isa = PBXFrameworksBuildPhase;
			buildActionMask = 2147483647;
			files = (
			);
			runOnlyForDeploymentPostprocessing = 0;
		};
		2AD3B8E020084B99000663CA /* Frameworks */ = {
			isa = PBXFrameworksBuildPhase;
			buildActionMask = 2147483647;
			files = (
			);
			runOnlyForDeploymentPostprocessing = 0;
		};
/* End PBXFrameworksBuildPhase section */

/* Begin PBXGroup section */
		2AD3B8BB20084B98000663CA = {
			isa = PBXGroup;
			children = (
				2AD3B8C620084B98000663CA /* TipCalc */,
				2AD3B8DB20084B99000663CA /* TipCalcTests */,
				2AD3B8E620084B99000663CA /* TipCalcUITests */,
				2AD3B8C520084B98000663CA /* Products */,
			);
			sourceTree = "<group>";
		};
		2AD3B8C520084B98000663CA /* Products */ = {
			isa = PBXGroup;
			children = (
				2AD3B8C420084B98000663CA /* TipCalc.app */,
				2AD3B8D820084B99000663CA /* TipCalcTests.xctest */,
				2AD3B8E320084B99000663CA /* TipCalcUITests.xctest */,
			);
			name = Products;
			sourceTree = "<group>";
		};
		2AD3B8C620084B98000663CA /* TipCalc */ = {
			isa = PBXGroup;
			children = (
				2AD3B8C720084B98000663CA /* AppDelegate.swift */,
				2AD3B8C920084B98000663CA /* ViewController.swift */,
				2AD3B8CB20084B98000663CA /* Main.storyboard */,
				2AD3B8CE20084B98000663CA /* Assets.xcassets */,
				2AD3B8D020084B98000663CA /* LaunchScreen.storyboard */,
				2AD3B8D320084B98000663CA /* Info.plist */,
			);
			path = TipCalc;
			sourceTree = "<group>";
		};
		2AD3B8DB20084B99000663CA /* TipCalcTests */ = {
			isa = PBXGroup;
			children = (
				2AD3B8DC20084B99000663CA /* TipCalcTests.swift */,
				2AD3B8DE20084B99000663CA /* Info.plist */,
			);
			path = TipCalcTests;
			sourceTree = "<group>";
		};
		2AD3B8E620084B99000663CA /* TipCalcUITests */ = {
			isa = PBXGroup;
			children = (
				2AD3B8E720084B99000663CA /* TipCalcUITests.swift */,
				2AD3B8E920084B99000663CA /* Info.plist */,
			);
			path = TipCalcUITests;
			sourceTree = "<group>";
		};
/* End PBXGroup section */

/* Begin PBXNativeTarget section */
		2AD3B8C320084B98000663CA /* TipCalc */ = {
			isa = PBXNativeTarget;
			buildConfigurationList = 2AD3B8EC20084B99000663CA /* Build configuration list for PBXNativeTarget "TipCalc" */;
			buildPhases = (
				2AD3B8C020084B98000663CA /* Sources */,
				2AD3B8C120084B98000663CA /* Frameworks */,
				2AD3B8C220084B98000663CA /* Resources */,
			);
			buildRules = (
			);
			dependencies = (
			);
			name = TipCalc;
			productName = TipCalc;
			productReference = 2AD3B8C420084B98000663CA /* TipCalc.app */;
			productType = "com.apple.product-type.application";
		};
		2AD3B8D720084B99000663CA /* TipCalcTests */ = {
			isa = PBXNativeTarget;
			buildConfigurationList = 2AD3B8EF20084B99000663CA /* Build configuration list for PBXNativeTarget "TipCalcTests" */;
			buildPhases = (
				2AD3B8D420084B99000663CA /* Sources */,
				2AD3B8D520084B99000663CA /* Frameworks */,
				2AD3B8D620084B99000663CA /* Resources */,
			);
			buildRules = (
			);
			dependencies = (
				2AD3B8DA20084B99000663CA /* PBXTargetDependency */,
			);
			name = TipCalcTests;
			productName = TipCalcTests;
			productReference = 2AD3B8D820084B99000663CA /* TipCalcTests.xctest */;
			productType = "com.apple.product-type.bundle.unit-test";
		};
		2AD3B8E220084B99000663CA /* TipCalcUITests */ = {
			isa = PBXNativeTarget;
			buildConfigurationList = 2AD3B8F220084B99000663CA /* Build configuration list for PBXNativeTarget "TipCalcUITests" */;
			buildPhases = (
				2AD3B8DF20084B99000663CA /* Sources */,
				2AD3B8E020084B99000663CA /* Frameworks */,
				2AD3B8E120084B99000663CA /* Resources */,
			);
			buildRules = (
			);
			dependencies = (
				2AD3B8E520084B99000663CA /* PBXTargetDependency */,
			);
			name = TipCalcUITests;
			productName = TipCalcUITests;
			productReference = 2AD3B8E320084B99000663CA /* TipCalcUITests.xctest */;
			productType = "com.apple.product-type.bundle.ui-testing";
		};
/* End PBXNativeTarget section */

/* Begin PBXProject section */
		2AD3B8BC20084B98000663CA /* Project object */ = {
			isa = PBXProject;
			attributes = {
				LastSwiftUpdateCheck = 0920;
				LastUpgradeCheck = 0920;
				ORGANIZATIONNAME = "Jonathan Du";
				TargetAttributes = {
					2AD3B8C320084B98000663CA = {
						CreatedOnToolsVersion = 9.2;
						ProvisioningStyle = Automatic;
					};
					2AD3B8D720084B99000663CA = {
						CreatedOnToolsVersion = 9.2;
						ProvisioningStyle = Automatic;
						TestTargetID = 2AD3B8C320084B98000663CA;
					};
					2AD3B8E220084B99000663CA = {
						CreatedOnToolsVersion = 9.2;
						ProvisioningStyle = Automatic;
						TestTargetID = 2AD3B8C320084B98000663CA;
					};
				};
			};
			buildConfigurationList = 2AD3B8BF20084B98000663CA /* Build configuration list for PBXProject "TipCalc" */;
			compatibilityVersion = "Xcode 8.0";
			developmentRegion = en;
			hasScannedForEncodings = 0;
			knownRegions = (
				en,
				Base,
			);
			mainGroup = 2AD3B8BB20084B98000663CA;
			productRefGroup = 2AD3B8C520084B98000663CA /* Products */;
			projectDirPath = "";
			projectRoot = "";
			targets = (
				2AD3B8C320084B98000663CA /* TipCalc */,
				2AD3B8D720084B99000663CA /* TipCalcTests */,
				2AD3B8E220084B99000663CA /* TipCalcUITests */,
			);
		};
/* End PBXProject section */

/* Begin PBXResourcesBuildPhase section */
		2AD3B8C220084B98000663CA /* Resources */ = {
			isa = PBXResourcesBuildPhase;
			buildActionMask = 2147483647;
			files = (
				2AD3B8D220084B98000663CA /* LaunchScreen.storyboard in Resources */,
				2AD3B8CF20084B98000663CA /* Assets.xcassets in Resources */,
				2AD3B8CD20084B98000663CA /* Main.storyboard in Resources */,
			);
			runOnlyForDeploymentPostprocessing = 0;
		};
		2AD3B8D620084B99000663CA /* Resources */ = {
			isa = PBXResourcesBuildPhase;
			buildActionMask = 2147483647;
			files = (
			);
			runOnlyForDeploymentPostprocessing = 0;
		};
		2AD3B8E120084B99000663CA /* Resources */ = {
			isa = PBXResourcesBuildPhase;
			buildActionMask = 2147483647;
			files = (
			);
			runOnlyForDeploymentPostprocessing = 0;
		};
/* End PBXResourcesBuildPhase section */

/* Begin PBXSourcesBuildPhase section */
		2AD3B8C020084B98000663CA /* Sources */ = {
			isa = PBXSourcesBuildPhase;
			buildActionMask = 2147483647;
			files = (
				2AD3B8CA20084B98000663CA /* ViewController.swift in Sources */,
				2AD3B8C820084B98000663CA /* AppDelegate.swift in Sources */,
			);
			runOnlyForDeploymentPostprocessing = 0;
		};
		2AD3B8D420084B99000663CA /* Sources */ = {
			isa = PBXSourcesBuildPhase;
			buildActionMask = 2147483647;
			files = (
				2AD3B8DD20084B99000663CA /* TipCalcTests.swift in Sources */,
			);
			runOnlyForDeploymentPostprocessing = 0;
		};
		2AD3B8DF20084B99000663CA /* Sources */ = {
			isa = PBXSourcesBuildPhase;
			buildActionMask = 2147483647;
			files = (
				2AD3B8E820084B99000663CA /* TipCalcUITests.swift in Sources */,
			);
			runOnlyForDeploymentPostprocessing = 0;
		};
/* End PBXSourcesBuildPhase section */

/* Begin PBXTargetDependency section */
		2AD3B8DA20084B99000663CA /* PBXTargetDependency */ = {
			isa = PBXTargetDependency;
			target = 2AD3B8C320084B98000663CA /* TipCalc */;
			targetProxy = 2AD3B8D920084B99000663CA /* PBXContainerItemProxy */;
		};
		2AD3B8E520084B99000663CA /* PBXTargetDependency */ = {
			isa = PBXTargetDependency;
			target = 2AD3B8C320084B98000663CA /* TipCalc */;
			targetProxy = 2AD3B8E420084B99000663CA /* PBXContainerItemProxy */;
		};
/* End PBXTargetDependency section */

/* Begin PBXVariantGroup section */
		2AD3B8CB20084B98000663CA /* Main.storyboard */ = {
			isa = PBXVariantGroup;
			children = (
				2AD3B8CC20084B98000663CA /* Base */,
			);
			name = Main.storyboard;
			sourceTree = "<group>";
		};
		2AD3B8D020084B98000663CA /* LaunchScreen.storyboard */ = {
			isa = PBXVariantGroup;
			children = (
				2AD3B8D120084B98000663CA /* Base */,
			);
			name = LaunchScreen.storyboard;
			sourceTree = "<group>";
		};
/* End PBXVariantGroup section */

/* Begin XCBuildConfiguration section */
		2AD3B8EA20084B99000663CA /* Debug */ = {
			isa = XCBuildConfiguration;
			buildSettings = {
				ALWAYS_SEARCH_USER_PATHS = NO;
				CLANG_ANALYZER_NONNULL = YES;
				CLANG_ANALYZER_NUMBER_OBJECT_CONVERSION = YES_AGGRESSIVE;
				CLANG_CXX_LANGUAGE_STANDARD = "gnu++14";
				CLANG_CXX_LIBRARY = "libc++";
				CLANG_ENABLE_MODULES = YES;
				CLANG_ENABLE_OBJC_ARC = YES;
				CLANG_WARN_BLOCK_CAPTURE_AUTORELEASING = YES;
				CLANG_WARN_BOOL_CONVERSION = YES;
				CLANG_WARN_COMMA = YES;
				CLANG_WARN_CONSTANT_CONVERSION = YES;
				CLANG_WARN_DIRECT_OBJC_ISA_USAGE = YES_ERROR;
				CLANG_WARN_DOCUMENTATION_COMMENTS = YES;
				CLANG_WARN_EMPTY_BODY = YES;
				CLANG_WARN_ENUM_CONVERSION = YES;
				CLANG_WARN_INFINITE_RECURSION = YES;
				CLANG_WARN_INT_CONVERSION = YES;
				CLANG_WARN_NON_LITERAL_NULL_CONVERSION = YES;
				CLANG_WARN_OBJC_LITERAL_CONVERSION = YES;
				CLANG_WARN_OBJC_ROOT_CLASS = YES_ERROR;
				CLANG_WARN_RANGE_LOOP_ANALYSIS = YES;
				CLANG_WARN_STRICT_PROTOTYPES = YES;
				CLANG_WARN_SUSPICIOUS_MOVE = YES;
				CLANG_WARN_UNGUARDED_AVAILABILITY = YES_AGGRESSIVE;
				CLANG_WARN_UNREACHABLE_CODE = YES;
				CLANG_WARN__DUPLICATE_METHOD_MATCH = YES;
				CODE_SIGN_IDENTITY = "iPhone Developer";
				COPY_PHASE_STRIP = NO;
				DEBUG_INFORMATION_FORMAT = dwarf;
				ENABLE_STRICT_OBJC_MSGSEND = YES;
				ENABLE_TESTABILITY = YES;
				GCC_C_LANGUAGE_STANDARD = gnu11;
				GCC_DYNAMIC_NO_PIC = NO;
				GCC_NO_COMMON_BLOCKS = YES;
				GCC_OPTIMIZATION_LEVEL = 0;
				GCC_PREPROCESSOR_DEFINITIONS = (
					"DEBUG=1",
					"$(inherited)",
				);
				GCC_WARN_64_TO_32_BIT_CONVERSION = YES;
				GCC_WARN_ABOUT_RETURN_TYPE = YES_ERROR;
				GCC_WARN_UNDECLARED_SELECTOR = YES;
				GCC_WARN_UNINITIALIZED_AUTOS = YES_AGGRESSIVE;
				GCC_WARN_UNUSED_FUNCTION = YES;
				GCC_WARN_UNUSED_VARIABLE = YES;
				IPHONEOS_DEPLOYMENT_TARGET = 11.2;
				MTL_ENABLE_DEBUG_INFO = YES;
				ONLY_ACTIVE_ARCH = YES;
				SDKROOT = iphoneos;
				SWIFT_ACTIVE_COMPILATION_CONDITIONS = DEBUG;
				SWIFT_OPTIMIZATION_LEVEL = "-Onone";
			};
			name = Debug;
		};
		2AD3B8EB20084B99000663CA /* Release */ = {
			isa = XCBuildConfiguration;
			buildSettings = {
				ALWAYS_SEARCH_USER_PATHS = NO;
				CLANG_ANALYZER_NONNULL = YES;
				CLANG_ANALYZER_NUMBER_OBJECT_CONVERSION = YES_AGGRESSIVE;
				CLANG_CXX_LANGUAGE_STANDARD = "gnu++14";
				CLANG_CXX_LIBRARY = "libc++";
				CLANG_ENABLE_MODULES = YES;
				CLANG_ENABLE_OBJC_ARC = YES;
				CLANG_WARN_BLOCK_CAPTURE_AUTORELEASING = YES;
				CLANG_WARN_BOOL_CONVERSION = YES;
				CLANG_WARN_COMMA = YES;
				CLANG_WARN_CONSTANT_CONVERSION = YES;
				CLANG_WARN_DIRECT_OBJC_ISA_USAGE = YES_ERROR;
				CLANG_WARN_DOCUMENTATION_COMMENTS = YES;
				CLANG_WARN_EMPTY_BODY = YES;
				CLANG_WARN_ENUM_CONVERSION = YES;
				CLANG_WARN_INFINITE_RECURSION = YES;
				CLANG_WARN_INT_CONVERSION = YES;
				CLANG_WARN_NON_LITERAL_NULL_CONVERSION = YES;
				CLANG_WARN_OBJC_LITERAL_CONVERSION = YES;
				CLANG_WARN_OBJC_ROOT_CLASS = YES_ERROR;
				CLANG_WARN_RANGE_LOOP_ANALYSIS = YES;
				CLANG_WARN_STRICT_PROTOTYPES = YES;
				CLANG_WARN_SUSPICIOUS_MOVE = YES;
				CLANG_WARN_UNGUARDED_AVAILABILITY = YES_AGGRESSIVE;
				CLANG_WARN_UNREACHABLE_CODE = YES;
				CLANG_WARN__DUPLICATE_METHOD_MATCH = YES;
				CODE_SIGN_IDENTITY = "iPhone Developer";
				COPY_PHASE_STRIP = NO;
				DEBUG_INFORMATION_FORMAT = "dwarf-with-dsym";
				ENABLE_NS_ASSERTIONS = NO;
				ENABLE_STRICT_OBJC_MSGSEND = YES;
				GCC_C_LANGUAGE_STANDARD = gnu11;
				GCC_NO_COMMON_BLOCKS = YES;
				GCC_WARN_64_TO_32_BIT_CONVERSION = YES;
				GCC_WARN_ABOUT_RETURN_TYPE = YES_ERROR;
				GCC_WARN_UNDECLARED_SELECTOR = YES;
				GCC_WARN_UNINITIALIZED_AUTOS = YES_AGGRESSIVE;
				GCC_WARN_UNUSED_FUNCTION = YES;
				GCC_WARN_UNUSED_VARIABLE = YES;
				IPHONEOS_DEPLOYMENT_TARGET = 11.2;
				MTL_ENABLE_DEBUG_INFO = NO;
				SDKROOT = iphoneos;
				SWIFT_OPTIMIZATION_LEVEL = "-Owholemodule";
				VALIDATE_PRODUCT = YES;
			};
			name = Release;
		};
		2AD3B8ED20084B99000663CA /* Debug */ = {
			isa = XCBuildConfiguration;
			buildSettings = {
				ASSETCATALOG_COMPILER_APPICON_NAME = AppIcon;
				CODE_SIGN_STYLE = Automatic;
				INFOPLIST_FILE = TipCalc/Info.plist;
				LD_RUNPATH_SEARCH_PATHS = "$(inherited) @executable_path/Frameworks";
				PRODUCT_BUNDLE_IDENTIFIER = com.TipCalc;
				PRODUCT_NAME = "$(TARGET_NAME)";
				SWIFT_VERSION = 4.0;
				TARGETED_DEVICE_FAMILY = "1,2";
			};
			name = Debug;
		};
		2AD3B8EE20084B99000663CA /* Release */ = {
			isa = XCBuildConfiguration;
			buildSettings = {
				ASSETCATALOG_COMPILER_APPICON_NAME = AppIcon;
				CODE_SIGN_STYLE = Automatic;
				INFOPLIST_FILE = TipCalc/Info.plist;
				LD_RUNPATH_SEARCH_PATHS = "$(inherited) @executable_path/Frameworks";
				PRODUCT_BUNDLE_IDENTIFIER = com.TipCalc;
				PRODUCT_NAME = "$(TARGET_NAME)";
				SWIFT_VERSION = 4.0;
				TARGETED_DEVICE_FAMILY = "1,2";
			};
			name = Release;
		};
		2AD3B8F020084B99000663CA /* Debug */ = {
			isa = XCBuildConfiguration;
			buildSettings = {
				ALWAYS_EMBED_SWIFT_STANDARD_LIBRARIES = YES;
				BUNDLE_LOADER = "$(TEST_HOST)";
				CODE_SIGN_STYLE = Automatic;
				INFOPLIST_FILE = TipCalcTests/Info.plist;
				LD_RUNPATH_SEARCH_PATHS = "$(inherited) @executable_path/Frameworks @loader_path/Frameworks";
				PRODUCT_BUNDLE_IDENTIFIER = com.TipCalcTests;
				PRODUCT_NAME = "$(TARGET_NAME)";
				SWIFT_VERSION = 4.0;
				TARGETED_DEVICE_FAMILY = "1,2";
				TEST_HOST = "$(BUILT_PRODUCTS_DIR)/TipCalc.app/TipCalc";
			};
			name = Debug;
		};
		2AD3B8F120084B99000663CA /* Release */ = {
			isa = XCBuildConfiguration;
			buildSettings = {
				ALWAYS_EMBED_SWIFT_STANDARD_LIBRARIES = YES;
				BUNDLE_LOADER = "$(TEST_HOST)";
				CODE_SIGN_STYLE = Automatic;
				INFOPLIST_FILE = TipCalcTests/Info.plist;
				LD_RUNPATH_SEARCH_PATHS = "$(inherited) @executable_path/Frameworks @loader_path/Frameworks";
				PRODUCT_BUNDLE_IDENTIFIER = com.TipCalcTests;
				PRODUCT_NAME = "$(TARGET_NAME)";
				SWIFT_VERSION = 4.0;
				TARGETED_DEVICE_FAMILY = "1,2";
				TEST_HOST = "$(BUILT_PRODUCTS_DIR)/TipCalc.app/TipCalc";
			};
			name = Release;
		};
		2AD3B8F320084B99000663CA /* Debug */ = {
			isa = XCBuildConfiguration;
			buildSettings = {
				ALWAYS_EMBED_SWIFT_STANDARD_LIBRARIES = YES;
				CODE_SIGN_STYLE = Automatic;
				INFOPLIST_FILE = TipCalcUITests/Info.plist;
				LD_RUNPATH_SEARCH_PATHS = "$(inherited) @executable_path/Frameworks @loader_path/Frameworks";
				PRODUCT_BUNDLE_IDENTIFIER = com.TipCalcUITests;
				PRODUCT_NAME = "$(TARGET_NAME)";
				SWIFT_VERSION = 4.0;
				TARGETED_DEVICE_FAMILY = "1,2";
				TEST_TARGET_NAME = TipCalc;
			};
			name = Debug;
		};
		2AD3B8F420084B99000663CA /* Release */ = {
			isa = XCBuildConfiguration;
			buildSettings = {
				ALWAYS_EMBED_SWIFT_STANDARD_LIBRARIES = YES;
				CODE_SIGN_STYLE = Automatic;
				INFOPLIST_FILE = TipCalcUITests/Info.plist;
				LD_RUNPATH_SEARCH_PATHS = "$(inherited) @executable_path/Frameworks @loader_path/Frameworks";
				PRODUCT_BUNDLE_IDENTIFIER = com.TipCalcUITests;
				PRODUCT_NAME = "$(TARGET_NAME)";
				SWIFT_VERSION = 4.0;
				TARGETED_DEVICE_FAMILY = "1,2";
				TEST_TARGET_NAME = TipCalc;
			};
			name = Release;
		};
/* End XCBuildConfiguration section */

/* Begin XCConfigurationList section */
		2AD3B8BF20084B98000663CA /* Build configuration list for PBXProject "TipCalc" */ = {
			isa = XCConfigurationList;
			buildConfigurations = (
				2AD3B8EA20084B99000663CA /* Debug */,
				2AD3B8EB20084B99000663CA /* Release */,
			);
			defaultConfigurationIsVisible = 0;
			defaultConfigurationName = Release;
		};
		2AD3B8EC20084B99000663CA /* Build configuration list for PBXNativeTarget "TipCalc" */ = {
			isa = XCConfigurationList;
			buildConfigurations = (
				2AD3B8ED20084B99000663CA /* Debug */,
				2AD3B8EE20084B99000663CA /* Release */,
			);
			defaultConfigurationIsVisible = 0;
			defaultConfigurationName = Release;
		};
		2AD3B8EF20084B99000663CA /* Build configuration list for PBXNativeTarget "TipCalcTests" */ = {
			isa = XCConfigurationList;
			buildConfigurations = (
				2AD3B8F020084B99000663CA /* Debug */,
				2AD3B8F120084B99000663CA /* Release */,
			);
			defaultConfigurationIsVisible = 0;
			defaultConfigurationName = Release;
		};
		2AD3B8F220084B99000663CA /* Build configuration list for PBXNativeTarget "TipCalcUITests" */ = {
			isa = XCConfigurationList;
			buildConfigurations = (
				2AD3B8F320084B99000663CA /* Debug */,
				2AD3B8F420084B99000663CA /* Release */,
			);
			defaultConfigurationIsVisible = 0;
			defaultConfigurationName = Release;
		};
/* End XCConfigurationList section */
	};
	rootObject = 2AD3B8BC20084B98000663CA /* Project object */;
}
